
Microsoft Visual Studio Solution File, Format Version 12.00
# Visual Studio 15
VisualStudioVersion = 15.0.28307.136
MinimumVisualStudioVersion = 10.0.40219.1
Project("{FAE04EC0-301F-11D3-BF4B-00C04F79EFBC}") = "PersonalChef", "PersonalChef\PersonalChef.csproj", "{4979CF9B-0DF8-4C80-BFCF-F665BC4F4F4E}"
EndProject
Global
	GlobalSection(SolutionConfigurationPlatforms) = preSolution
		Debug|Any CPU = Debug|Any CPU
		Release|Any CPU = Release|Any CPU
	EndGlobalSection
	GlobalSection(ProjectConfigurationPlatforms) = postSolution
		{4979CF9B-0DF8-4C80-BFCF-F665BC4F4F4E}.Debug|Any CPU.ActiveCfg = Debug|Any CPU
		{4979CF9B-0DF8-4C80-BFCF-F665BC4F4F4E}.Debug|Any CPU.Build.0 = Debug|Any CPU
		{4979CF9B-0DF8-4C80-BFCF-F665BC4F4F4E}.Release|Any CPU.ActiveCfg = Release|Any CPU
		{4979CF9B-0DF8-4C80-BFCF-F665BC4F4F4E}.Release|Any CPU.Build.0 = Release|Any CPU
	EndGlobalSection
	GlobalSection(SolutionProperties) = preSolution
		HideSolutionNode = FALSE
	EndGlobalSection
	GlobalSection(ExtensibilityGlobals) = postSolution
		SolutionGuid = {4242F4CD-2E6B-4839-A86F-E1EFD87AD755}
	EndGlobalSection
EndGlobal
